
Microsoft Visual Studio Solution File, Format Version 12.00
# Visual Studio Version 17
VisualStudioVersion = 17.4.33103.184
MinimumVisualStudioVersion = 10.0.40219.1
Project("{FAE04EC0-301F-11D3-BF4B-00C04F79EFBC}") = "ExemploSwtichCase", "ExemploSwtichCase\ExemploSwtichCase.csproj", "{EA59D4A3-6169-439E-A78B-2A6C47F8A19B}"
EndProject
Global
	GlobalSection(SolutionConfigurationPlatforms) = preSolution
		Debug|Any CPU = Debug|Any CPU
		Release|Any CPU = Release|Any CPU
	EndGlobalSection
	GlobalSection(ProjectConfigurationPlatforms) = postSolution
		{EA59D4A3-6169-439E-A78B-2A6C47F8A19B}.Debug|Any CPU.ActiveCfg = Debug|Any CPU
		{EA59D4A3-6169-439E-A78B-2A6C47F8A19B}.Debug|Any CPU.Build.0 = Debug|Any CPU
		{EA59D4A3-6169-439E-A78B-2A6C47F8A19B}.Release|Any CPU.ActiveCfg = Release|Any CPU
		{EA59D4A3-6169-439E-A78B-2A6C47F8A19B}.Release|Any CPU.Build.0 = Release|Any CPU
	EndGlobalSection
	GlobalSection(SolutionProperties) = preSolution
		HideSolutionNode = FALSE
	EndGlobalSection
	GlobalSection(ExtensibilityGlobals) = postSolution
		SolutionGuid = {03C54DF8-D9D5-4811-8F71-0B7D1D9F46DB}
	EndGlobalSection
EndGlobal
