
Microsoft Visual Studio Solution File, Format Version 12.00
# Visual Studio Version 17
VisualStudioVersion = 17.3.32901.215
MinimumVisualStudioVersion = 10.0.40219.1
Project("{FAE04EC0-301F-11D3-BF4B-00C04F79EFBC}") = "Exemplo2Vetores", "Exemplo2Vetores\Exemplo2Vetores.csproj", "{F5296960-2876-47DF-8F9F-6AA864A2F8F9}"
EndProject
Global
	GlobalSection(SolutionConfigurationPlatforms) = preSolution
		Debug|Any CPU = Debug|Any CPU
		Release|Any CPU = Release|Any CPU
	EndGlobalSection
	GlobalSection(ProjectConfigurationPlatforms) = postSolution
		{F5296960-2876-47DF-8F9F-6AA864A2F8F9}.Debug|Any CPU.ActiveCfg = Debug|Any CPU
		{F5296960-2876-47DF-8F9F-6AA864A2F8F9}.Debug|Any CPU.Build.0 = Debug|Any CPU
		{F5296960-2876-47DF-8F9F-6AA864A2F8F9}.Release|Any CPU.ActiveCfg = Release|Any CPU
		{F5296960-2876-47DF-8F9F-6AA864A2F8F9}.Release|Any CPU.Build.0 = Release|Any CPU
	EndGlobalSection
	GlobalSection(SolutionProperties) = preSolution
		HideSolutionNode = FALSE
	EndGlobalSection
	GlobalSection(ExtensibilityGlobals) = postSolution
		SolutionGuid = {FA985987-444A-4853-8D0B-1CE25C2BDDC4}
	EndGlobalSection
EndGlobal
