
Microsoft Visual Studio Solution File, Format Version 12.00
# Visual Studio Version 17
VisualStudioVersion = 17.4.33122.133
MinimumVisualStudioVersion = 10.0.40219.1
Project("{FAE04EC0-301F-11D3-BF4B-00C04F79EFBC}") = "Course", "Course\Course.csproj", "{B7D05E54-4AD2-4FB7-A3CA-79774F0150E4}"
EndProject
Global
	GlobalSection(SolutionConfigurationPlatforms) = preSolution
		Debug|Any CPU = Debug|Any CPU
		Release|Any CPU = Release|Any CPU
	EndGlobalSection
	GlobalSection(ProjectConfigurationPlatforms) = postSolution
		{B7D05E54-4AD2-4FB7-A3CA-79774F0150E4}.Debug|Any CPU.ActiveCfg = Debug|Any CPU
		{B7D05E54-4AD2-4FB7-A3CA-79774F0150E4}.Debug|Any CPU.Build.0 = Debug|Any CPU
		{B7D05E54-4AD2-4FB7-A3CA-79774F0150E4}.Release|Any CPU.ActiveCfg = Release|Any CPU
		{B7D05E54-4AD2-4FB7-A3CA-79774F0150E4}.Release|Any CPU.Build.0 = Release|Any CPU
	EndGlobalSection
	GlobalSection(SolutionProperties) = preSolution
		HideSolutionNode = FALSE
	EndGlobalSection
	GlobalSection(ExtensibilityGlobals) = postSolution
		SolutionGuid = {F0499604-9573-4F68-9551-5EB913F0A00F}
	EndGlobalSection
EndGlobal
