
Microsoft Visual Studio Solution File, Format Version 12.00
# Visual Studio Version 17
VisualStudioVersion = 17.4.33122.133
MinimumVisualStudioVersion = 10.0.40219.1
Project("{FAE04EC0-301F-11D3-BF4B-00C04F79EFBC}") = "TEste", "TEste\TEste.csproj", "{21B64FAF-34C0-4A47-8F7B-4A35BD6BCEED}"
EndProject
Global
	GlobalSection(SolutionConfigurationPlatforms) = preSolution
		Debug|Any CPU = Debug|Any CPU
		Release|Any CPU = Release|Any CPU
	EndGlobalSection
	GlobalSection(ProjectConfigurationPlatforms) = postSolution
		{21B64FAF-34C0-4A47-8F7B-4A35BD6BCEED}.Debug|Any CPU.ActiveCfg = Debug|Any CPU
		{21B64FAF-34C0-4A47-8F7B-4A35BD6BCEED}.Debug|Any CPU.Build.0 = Debug|Any CPU
		{21B64FAF-34C0-4A47-8F7B-4A35BD6BCEED}.Release|Any CPU.ActiveCfg = Release|Any CPU
		{21B64FAF-34C0-4A47-8F7B-4A35BD6BCEED}.Release|Any CPU.Build.0 = Release|Any CPU
	EndGlobalSection
	GlobalSection(SolutionProperties) = preSolution
		HideSolutionNode = FALSE
	EndGlobalSection
	GlobalSection(ExtensibilityGlobals) = postSolution
		SolutionGuid = {94812EE6-20D8-4FA7-B71F-4BD8183224DF}
	EndGlobalSection
EndGlobal
