
Microsoft Visual Studio Solution File, Format Version 12.00
# Visual Studio Version 17
VisualStudioVersion = 17.3.32901.215
MinimumVisualStudioVersion = 10.0.40219.1
Project("{FAE04EC0-301F-11D3-BF4B-00C04F79EFBC}") = "ExercicioTV", "ExercicioTV\ExercicioTV.csproj", "{9E467261-CF01-4562-BDC9-87AAE4D7B4D4}"
EndProject
Global
	GlobalSection(SolutionConfigurationPlatforms) = preSolution
		Debug|Any CPU = Debug|Any CPU
		Release|Any CPU = Release|Any CPU
	EndGlobalSection
	GlobalSection(ProjectConfigurationPlatforms) = postSolution
		{9E467261-CF01-4562-BDC9-87AAE4D7B4D4}.Debug|Any CPU.ActiveCfg = Debug|Any CPU
		{9E467261-CF01-4562-BDC9-87AAE4D7B4D4}.Debug|Any CPU.Build.0 = Debug|Any CPU
		{9E467261-CF01-4562-BDC9-87AAE4D7B4D4}.Release|Any CPU.ActiveCfg = Release|Any CPU
		{9E467261-CF01-4562-BDC9-87AAE4D7B4D4}.Release|Any CPU.Build.0 = Release|Any CPU
	EndGlobalSection
	GlobalSection(SolutionProperties) = preSolution
		HideSolutionNode = FALSE
	EndGlobalSection
	GlobalSection(ExtensibilityGlobals) = postSolution
		SolutionGuid = {0F565EEA-1294-4C3B-B221-8AD6F522B4EF}
	EndGlobalSection
EndGlobal
