
Microsoft Visual Studio Solution File, Format Version 12.00
# Visual Studio Version 17
VisualStudioVersion = 17.3.32901.215
MinimumVisualStudioVersion = 10.0.40219.1
Project("{FAE04EC0-301F-11D3-BF4B-00C04F79EFBC}") = "ExerciciodeFixacaoMEMBROSESTATICOS", "ExerciciodeFixacaoMEMBROSESTATICOS\ExerciciodeFixacaoMEMBROSESTATICOS.csproj", "{55283F04-A2C0-4542-9552-E01684F476A9}"
EndProject
Global
	GlobalSection(SolutionConfigurationPlatforms) = preSolution
		Debug|Any CPU = Debug|Any CPU
		Release|Any CPU = Release|Any CPU
	EndGlobalSection
	GlobalSection(ProjectConfigurationPlatforms) = postSolution
		{55283F04-A2C0-4542-9552-E01684F476A9}.Debug|Any CPU.ActiveCfg = Debug|Any CPU
		{55283F04-A2C0-4542-9552-E01684F476A9}.Debug|Any CPU.Build.0 = Debug|Any CPU
		{55283F04-A2C0-4542-9552-E01684F476A9}.Release|Any CPU.ActiveCfg = Release|Any CPU
		{55283F04-A2C0-4542-9552-E01684F476A9}.Release|Any CPU.Build.0 = Release|Any CPU
	EndGlobalSection
	GlobalSection(SolutionProperties) = preSolution
		HideSolutionNode = FALSE
	EndGlobalSection
	GlobalSection(ExtensibilityGlobals) = postSolution
		SolutionGuid = {B42BCEAB-A04F-414E-8E49-20759F7DC0E6}
	EndGlobalSection
EndGlobal
