
Microsoft Visual Studio Solution File, Format Version 12.00
# Visual Studio Version 17
VisualStudioVersion = 17.3.32901.215
MinimumVisualStudioVersion = 10.0.40219.1
Project("{FAE04EC0-301F-11D3-BF4B-00C04F79EFBC}") = "ExercicioList", "ExercicioList\ExercicioList.csproj", "{7E047D85-777A-4771-A895-6CA78CA5043F}"
EndProject
Global
	GlobalSection(SolutionConfigurationPlatforms) = preSolution
		Debug|Any CPU = Debug|Any CPU
		Release|Any CPU = Release|Any CPU
	EndGlobalSection
	GlobalSection(ProjectConfigurationPlatforms) = postSolution
		{7E047D85-777A-4771-A895-6CA78CA5043F}.Debug|Any CPU.ActiveCfg = Debug|Any CPU
		{7E047D85-777A-4771-A895-6CA78CA5043F}.Debug|Any CPU.Build.0 = Debug|Any CPU
		{7E047D85-777A-4771-A895-6CA78CA5043F}.Release|Any CPU.ActiveCfg = Release|Any CPU
		{7E047D85-777A-4771-A895-6CA78CA5043F}.Release|Any CPU.Build.0 = Release|Any CPU
	EndGlobalSection
	GlobalSection(SolutionProperties) = preSolution
		HideSolutionNode = FALSE
	EndGlobalSection
	GlobalSection(ExtensibilityGlobals) = postSolution
		SolutionGuid = {C4136809-B30E-4BE9-B93A-5A0A6C3A2B6E}
	EndGlobalSection
EndGlobal
