
Microsoft Visual Studio Solution File, Format Version 12.00
# Visual Studio Version 17
VisualStudioVersion = 17.4.33103.184
MinimumVisualStudioVersion = 10.0.40219.1
Project("{FAE04EC0-301F-11D3-BF4B-00C04F79EFBC}") = "DateTime", "DateTime\DateTime.csproj", "{C90098FF-73F2-4CFA-879D-6280642A151F}"
EndProject
Global
	GlobalSection(SolutionConfigurationPlatforms) = preSolution
		Debug|Any CPU = Debug|Any CPU
		Release|Any CPU = Release|Any CPU
	EndGlobalSection
	GlobalSection(ProjectConfigurationPlatforms) = postSolution
		{C90098FF-73F2-4CFA-879D-6280642A151F}.Debug|Any CPU.ActiveCfg = Debug|Any CPU
		{C90098FF-73F2-4CFA-879D-6280642A151F}.Debug|Any CPU.Build.0 = Debug|Any CPU
		{C90098FF-73F2-4CFA-879D-6280642A151F}.Release|Any CPU.ActiveCfg = Release|Any CPU
		{C90098FF-73F2-4CFA-879D-6280642A151F}.Release|Any CPU.Build.0 = Release|Any CPU
	EndGlobalSection
	GlobalSection(SolutionProperties) = preSolution
		HideSolutionNode = FALSE
	EndGlobalSection
	GlobalSection(ExtensibilityGlobals) = postSolution
		SolutionGuid = {C23F9F87-9BE1-4398-89DA-B17275CC7DC0}
	EndGlobalSection
EndGlobal
