
Microsoft Visual Studio Solution File, Format Version 12.00
# Visual Studio Version 17
VisualStudioVersion = 17.4.33122.133
MinimumVisualStudioVersion = 10.0.40219.1
Project("{FAE04EC0-301F-11D3-BF4B-00C04F79EFBC}") = "ExercecioResolvidoTRABALHANDOCOMARQUIVOS", "ExercecioResolvidoTRABALHANDOCOMARQUIVOS\ExercecioResolvidoTRABALHANDOCOMARQUIVOS.csproj", "{40DD9614-F1D0-41DD-B0A3-235FED2443B7}"
EndProject
Global
	GlobalSection(SolutionConfigurationPlatforms) = preSolution
		Debug|Any CPU = Debug|Any CPU
		Release|Any CPU = Release|Any CPU
	EndGlobalSection
	GlobalSection(ProjectConfigurationPlatforms) = postSolution
		{40DD9614-F1D0-41DD-B0A3-235FED2443B7}.Debug|Any CPU.ActiveCfg = Debug|Any CPU
		{40DD9614-F1D0-41DD-B0A3-235FED2443B7}.Debug|Any CPU.Build.0 = Debug|Any CPU
		{40DD9614-F1D0-41DD-B0A3-235FED2443B7}.Release|Any CPU.ActiveCfg = Release|Any CPU
		{40DD9614-F1D0-41DD-B0A3-235FED2443B7}.Release|Any CPU.Build.0 = Release|Any CPU
	EndGlobalSection
	GlobalSection(SolutionProperties) = preSolution
		HideSolutionNode = FALSE
	EndGlobalSection
	GlobalSection(ExtensibilityGlobals) = postSolution
		SolutionGuid = {27F7711A-8FB3-4E82-892F-7283D45D180D}
	EndGlobalSection
EndGlobal
