
Microsoft Visual Studio Solution File, Format Version 12.00
# Visual Studio Version 17
VisualStudioVersion = 17.3.32901.215
MinimumVisualStudioVersion = 10.0.40219.1
Project("{FAE04EC0-301F-11D3-BF4B-00C04F79EFBC}") = "ExercicioPropostoGeral", "ExercicioPropostoGeral\ExercicioPropostoGeral.csproj", "{5F514968-D7A1-4FCD-B678-1FC526E4B219}"
EndProject
Global
	GlobalSection(SolutionConfigurationPlatforms) = preSolution
		Debug|Any CPU = Debug|Any CPU
		Release|Any CPU = Release|Any CPU
	EndGlobalSection
	GlobalSection(ProjectConfigurationPlatforms) = postSolution
		{5F514968-D7A1-4FCD-B678-1FC526E4B219}.Debug|Any CPU.ActiveCfg = Debug|Any CPU
		{5F514968-D7A1-4FCD-B678-1FC526E4B219}.Debug|Any CPU.Build.0 = Debug|Any CPU
		{5F514968-D7A1-4FCD-B678-1FC526E4B219}.Release|Any CPU.ActiveCfg = Release|Any CPU
		{5F514968-D7A1-4FCD-B678-1FC526E4B219}.Release|Any CPU.Build.0 = Release|Any CPU
	EndGlobalSection
	GlobalSection(SolutionProperties) = preSolution
		HideSolutionNode = FALSE
	EndGlobalSection
	GlobalSection(ExtensibilityGlobals) = postSolution
		SolutionGuid = {8C98F3B6-1F92-4C59-AB69-B00936B36B59}
	EndGlobalSection
EndGlobal
