
Microsoft Visual Studio Solution File, Format Version 12.00
# Visual Studio Version 17
VisualStudioVersion = 17.3.32901.215
MinimumVisualStudioVersion = 10.0.40219.1
Project("{FAE04EC0-301F-11D3-BF4B-00C04F79EFBC}") = "TESTECLASSEEFUNCAO", "TESTECLASSEEFUNCAO\TESTECLASSEEFUNCAO.csproj", "{42D625FA-7AF5-4BF3-95B2-14535EBFC59F}"
EndProject
Global
	GlobalSection(SolutionConfigurationPlatforms) = preSolution
		Debug|Any CPU = Debug|Any CPU
		Release|Any CPU = Release|Any CPU
	EndGlobalSection
	GlobalSection(ProjectConfigurationPlatforms) = postSolution
		{42D625FA-7AF5-4BF3-95B2-14535EBFC59F}.Debug|Any CPU.ActiveCfg = Debug|Any CPU
		{42D625FA-7AF5-4BF3-95B2-14535EBFC59F}.Debug|Any CPU.Build.0 = Debug|Any CPU
		{42D625FA-7AF5-4BF3-95B2-14535EBFC59F}.Release|Any CPU.ActiveCfg = Release|Any CPU
		{42D625FA-7AF5-4BF3-95B2-14535EBFC59F}.Release|Any CPU.Build.0 = Release|Any CPU
	EndGlobalSection
	GlobalSection(SolutionProperties) = preSolution
		HideSolutionNode = FALSE
	EndGlobalSection
	GlobalSection(ExtensibilityGlobals) = postSolution
		SolutionGuid = {8E4CD6A4-7247-47C7-925B-F50086F98881}
	EndGlobalSection
EndGlobal
