
Microsoft Visual Studio Solution File, Format Version 12.00
# Visual Studio Version 17
VisualStudioVersion = 17.4.33122.133
MinimumVisualStudioVersion = 10.0.40219.1
Project("{FAE04EC0-301F-11D3-BF4B-00C04F79EFBC}") = "FileStreameStreamReader", "FileStreameStreamReader\FileStreameStreamReader.csproj", "{F54F6A17-0A34-4886-90E5-2288E61FF259}"
EndProject
Global
	GlobalSection(SolutionConfigurationPlatforms) = preSolution
		Debug|Any CPU = Debug|Any CPU
		Release|Any CPU = Release|Any CPU
	EndGlobalSection
	GlobalSection(ProjectConfigurationPlatforms) = postSolution
		{F54F6A17-0A34-4886-90E5-2288E61FF259}.Debug|Any CPU.ActiveCfg = Debug|Any CPU
		{F54F6A17-0A34-4886-90E5-2288E61FF259}.Debug|Any CPU.Build.0 = Debug|Any CPU
		{F54F6A17-0A34-4886-90E5-2288E61FF259}.Release|Any CPU.ActiveCfg = Release|Any CPU
		{F54F6A17-0A34-4886-90E5-2288E61FF259}.Release|Any CPU.Build.0 = Release|Any CPU
	EndGlobalSection
	GlobalSection(SolutionProperties) = preSolution
		HideSolutionNode = FALSE
	EndGlobalSection
	GlobalSection(ExtensibilityGlobals) = postSolution
		SolutionGuid = {28B4AA3A-E40B-4467-A8CF-C5B91BCF0A74}
	EndGlobalSection
EndGlobal
